73516
/Applications/IntelliJ IDEA.app/Contents/jbr/Contents/Home/bin/java -agentlib:jdwp=transport=dt_socket,address=127.0.0.1:62838,suspend=y,server=n -agentpath:/private/var/folders/kc/r793j5xs12v2pdcfvp65r1hc0000gn/T/idea_libasyncProfiler_dylib_temp_folder/libasyncProfiler.dylib=version,jfr,event=wall,interval=10ms,cstack=no,file=/Users/lawrencelockhart/IdeaSnapshots/Application_2024_11_27_100405.jfr,log=/private/var/folders/kc/r793j5xs12v2pdcfvp65r1hc0000gn/T/Application_2024_11_27_100405.jfr.log.txt,logLevel=DEBUG -XX:TieredStopAtLevel=1 -Dspring.output.ansi.enabled=always -Dcom.sun.management.jmxremote -Dspring.jmx.enabled=true -Dspring.liveBeansView.mbeanDomain -Dspring.application.admin.enabled=true -Dmanagement.endpoints.jmx.exposure.include=* -Dvaadin.copilot.pluginDotFilePath=/Users/lawrencelockhart/Documents/Coding/vaadin-combo-app/.idea/.copilot-plugin --add-opens java.base/sun.nio.ch=ALL-UNNAMED --add-opens java.base/java.lang=ALL-UNNAMED --add-opens java.base/java.lang.reflect=ALL-UNNAMED --add-opens java.base/java.io=ALL-UNNAMED --add-opens java.base/sun.security.action=ALL-UNNAMED --add-opens java.desktop/java.beans=ALL-UNNAMED --add-opens java.base/jdk.internal.loader=ALL-UNNAMED -XX:+AllowEnhancedClassRedefinition -XX:+ClassUnloading -javaagent:/Users/lawrencelockhart/.vaadin/intellij-plugin/hotswap-agent.jar -javaagent:/Users/lawrencelockhart/Library/Caches/JetBrains/IntelliJIdea2024.3/captureAgent/debugger-agent.jar -Dkotlinx.coroutines.debug.enable.creation.stack.trace=false -Ddebugger.agent.enable.coroutines=true -Dkotlinx.coroutines.debug.enable.flows.stack.trace=true -Dkotlinx.coroutines.debug.enable.mutable.state.flows.stack.trace=true -Dfile.encoding=UTF-8 -Dsun.stdout.encoding=UTF-8 -Dsun.stderr.encoding=UTF-8 -classpath /Users/lawrencelockhart/Documents/Coding/vaadin-combo-app/target/classes:/Users/lawrencelockhart/.m2/repository/com/vaadin/vaadin/24.5.6/vaadin-24.5.6.jar:/Users/lawrencelockhart/.m2/repository/com/vaadin/vaadin-internal/24.5.6/vaadin-internal-24.5.6.jar:/Users/lawrencelockhart/.m2/repository/com/vaadin/vaadin-core-internal/24.5.6/vaadin-core-internal-24.5.6.jar:/Users/lawrencelockhart/.m2/repository/com/vaadin/flow-lit-template/24.5.7/flow-lit-template-24.5.7.jar:/Users/lawrencelockhart/.m2/repository/com/vaadin/flow-react/24.5.7/flow-react-24.5.7.jar:/Users/lawrencelockhart/.m2/repository/com/vaadin/flow-dnd/24.5.7/flow-dnd-24.5.7.jar:/Users/lawrencelockhart/.m2/repository/com/vaadin/vaadin-lumo-theme/24.5.6/vaadin-lumo-theme-24.5.6.jar:/Users/lawrencelockhart/.m2/repository/com/vaadin/vaadin-material-theme/24.5.6/vaadin-material-theme-24.5.6.jar:/Users/lawrencelockhart/.m2/repository/com/vaadin/vaadin-accordion-flow/24.5.6/vaadin-accordion-flow-24.5.6.jar:/Users/lawrencelockhart/.m2/repository/com/vaadin/vaadin-avatar-flow/24.5.6/vaadin-avatar-flow-24.5.6.jar:/Users/lawrencelockhart/.m2/repository/com/vaadin/vaadin-combo-box-flow/24.5.6/vaadin-combo-box-flow-24.5.6.jar:/Users/lawrencelockhart/.m2/repository/com/vaadin/vaadin-confirm-dialog-flow/24.5.6/vaadin-confirm-dialog-flow-24.5.6.jar:/Users/lawrencelockhart/.m2/repository/com/vaadin/vaadin-custom-field-flow/24.5.6/vaadin-custom-field-flow-24.5.6.jar:/Users/lawrencelockhart/.m2/repository/com/vaadin/vaadin-date-picker-flow/24.5.6/vaadin-date-picker-flow-24.5.6.jar:/Users/lawrencelockhart/.m2/repository/com/vaadin/vaadin-date-time-picker-flow/24.5.6/vaadin-date-time-picker-flow-24.5.6.jar:/Users/lawrencelockhart/.m2/repository/com/vaadin/vaadin-details-flow/24.5.6/vaadin-details-flow-24.5.6.jar:/Users/lawrencelockhart/.m2/repository/com/vaadin/vaadin-time-picker-flow/24.5.6/vaadin-time-picker-flow-24.5.6.jar:/Users/lawrencelockhart/.m2/repository/com/vaadin/vaadin-select-flow/24.5.6/vaadin-select-flow-24.5.6.jar:/Users/lawrencelockhart/.m2/repository/com/vaadin/vaadin-side-nav-flow/24.5.6/vaadin-side-nav-flow-24.5.6.jar:/Users/lawrencelockhart/.m2/repository/com/vaadin/vaadin-dialog-flow/24.5.6/vaadin-dialog-flow-24.5.6.jar:/Users/lawrencelockhart/.m2/repository/com/vaadin/vaadin-form-layout-flow/24.5.6/vaadin-form-layout-flow-24.5.6.jar:/Users/lawrencelockhart/.m2/repository/com/vaadin/vaadin-field-highlighter-flow/24.5.6/vaadin-field-highlighter-flow-24.5.6.jar:/Users/lawrencelockhart/.m2/repository/com/vaadin/vaadin-grid-flow/24.5.6/vaadin-grid-flow-24.5.6.jar:/Users/lawrencelockhart/.m2/repository/com/vaadin/vaadin-virtual-list-flow/24.5.6/vaadin-virtual-list-flow-24.5.6.jar:/Users/lawrencelockhart/.m2/repository/com/vaadin/vaadin-list-box-flow/24.5.6/vaadin-list-box-flow-24.5.6.jar:/Users/lawrencelockhart/.m2/repository/com/vaadin/vaadin-login-flow/24.5.6/vaadin-login-flow-24.5.6.jar:/Users/lawrencelockhart/.m2/repository/com/vaadin/vaadin-messages-flow/24.5.6/vaadin-messages-flow-24.5.6.jar:/Users/lawrencelockhart/.m2/repository/com/vaadin/vaadin-progress-bar-flow/24.5.6/vaadin-progress-bar-flow-24.5.6.jar:/Users/lawrencelockhart/.m2/repository/com/vaadin/vaadin-popover-flow/24.5.6/vaadin-popover-flow-24.5.6.jar:/Users/lawrencelockhart/.m2/repository/com/vaadin/vaadin-radio-button-flow/24.5.6/vaadin-radio-button-flow-24.5.6.jar:/Users/lawrencelockhart/.m2/repository/com/vaadin/vaadin-split-layout-flow/24.5.6/vaadin-split-layout-flow-24.5.6.jar:/Users/lawrencelockhart/.m2/repository/com/vaadin/vaadin-tabs-flow/24.5.6/vaadin-tabs-flow-24.5.6.jar:/Users/lawrencelockhart/.m2/repository/com/vaadin/vaadin-text-field-flow/24.5.6/vaadin-text-field-flow-24.5.6.jar:/Users/lawrencelockhart/.m2/repository/com/vaadin/vaadin-upload-flow/24.5.6/vaadin-upload-flow-24.5.6.jar:/Users/lawrencelockhart/.m2/repository/com/vaadin/vaadin-notification-flow/24.5.6/vaadin-notification-flow-24.5.6.jar:/Users/lawrencelockhart/.m2/repository/com/vaadin/vaadin-app-layout-flow/24.5.6/vaadin-app-layout-flow-24.5.6.jar:/Users/lawrencelockhart/.m2/repository/com/vaadin/vaadin-context-menu-flow/24.5.6/vaadin-context-menu-flow-24.5.6.jar:/Users/lawrencelockhart/.m2/repository/com/vaadin/vaadin-menu-bar-flow/24.5.6/vaadin-menu-bar-flow-24.5.6.jar:/Users/lawrencelockhart/.m2/repository/com/vaadin/collaboration-engine/6.3.0/collaboration-engine-6.3.0.jar:/Users/lawrencelockhart/.m2/repository/com/vaadin/vaadin-board-flow/24.5.6/vaadin-board-flow-24.5.6.jar:/Users/lawrencelockhart/.m2/repository/com/vaadin/vaadin-cookie-consent-flow/24.5.6/vaadin-cookie-consent-flow-24.5.6.jar:/Users/lawrencelockhart/.m2/repository/com/vaadin/vaadin-crud-flow/24.5.6/vaadin-crud-flow-24.5.6.jar:/Users/lawrencelockhart/.m2/repository/com/vaadin/vaadin-grid-pro-flow/24.5.6/vaadin-grid-pro-flow-24.5.6.jar:/Users/lawrencelockhart/.m2/repository/com/vaadin/vaadin-map-flow/24.5.6/vaadin-map-flow-24.5.6.jar:/Users/lawrencelockhart/.m2/repository/com/vaadin/vaadin-rich-text-editor-flow/24.5.6/vaadin-rich-text-editor-flow-24.5.6.jar:/Users/lawrencelockhart/.m2/repository/com/vaadin/vaadin-core/24.5.6/vaadin-core-24.5.6.jar:/Users/lawrencelockhart/.m2/repository/com/vaadin/vaadin-dev/24.5.6/vaadin-dev-24.5.6.jar:/Users/lawrencelockhart/.m2/repository/com/vaadin/vaadin-dev-server/24.5.7/vaadin-dev-server-24.5.7.jar:/Users/lawrencelockhart/.m2/repository/io/methvin/directory-watcher/0.18.0/directory-watcher-0.18.0.jar:/Users/lawrencelockhart/.m2/repository/com/vaadin/vaadin-dev-bundle/24.5.6/vaadin-dev-bundle-24.5.6.jar:/Users/lawrencelockhart/.m2/repository/com/vaadin/hilla-dev/24.5.6/hilla-dev-24.5.6.jar:/Users/lawrencelockhart/.m2/repository/com/vaadin/copilot/24.5.7/copilot-24.5.7.jar:/Users/lawrencelockhart/.m2/repository/io/projectreactor/netty/reactor-netty/1.1.16/reactor-netty-1.1.16.jar:/Users/lawrencelockhart/.m2/repository/io/projectreactor/netty/reactor-netty-core/1.1.16/reactor-netty-core-1.1.16.jar:/Users/lawrencelockhart/.m2/repository/io/netty/netty-handler-proxy/4.1.107.Final/netty-handler-proxy-4.1.107.Final.jar:/Users/lawrencelockhart/.m2/repository/io/netty/netty-codec-socks/4.1.107.Final/netty-codec-socks-4.1.107.Final.jar:/Users/lawrencelockhart/.m2/repository/io/netty/netty-resolver-dns/4.1.107.Final/netty-resolver-dns-4.1.107.Final.jar:/Users/lawrencelockhart/.m2/repository/io/netty/netty-codec-dns/4.1.107.Final/netty-codec-dns-4.1.107.Final.jar:/Users/lawrencelockhart/.m2/repository/io/netty/netty-resolver-dns-native-macos/4.1.107.Final/netty-resolver-dns-native-macos-4.1.107.Final-osx-x86_64.jar:/Users/lawrencelockhart/.m2/repository/io/netty/netty-resolver-dns-classes-macos/4.1.107.Final/netty-resolver-dns-classes-macos-4.1.107.Final.jar:/Users/lawrencelockhart/.m2/repository/io/netty/netty-transport-native-epoll/4.1.107.Final/netty-transport-native-epoll-4.1.107.Final-linux-x86_64.jar:/Users/lawrencelockhart/.m2/repository/io/netty/netty-transport-classes-epoll/4.1.107.Final/netty-transport-classes-epoll-4.1.107.Final.jar:/Users/lawrencelockhart/.m2/repository/io/projectreactor/netty/reactor-netty-http/1.1.16/reactor-netty-http-1.1.16.jar:/Users/lawrencelockhart/.m2/repository/io/netty/netty-codec-http/4.1.107.Final/netty-codec-http-4.1.107.Final.jar:/Users/lawrencelockhart/.m2/repository/io/netty/netty-codec-http2/4.1.107.Final/netty-codec-http2-4.1.107.Final.jar:/Users/lawrencelockhart/.m2/repository/io/projectreactor/netty/incubator/reactor-netty-incubator-quic/0.1.16/reactor-netty-incubator-quic-0.1.16.jar:/Users/lawrencelockhart/.m2/repository/io/netty/incubator/netty-incubator-codec-native-quic/0.0.57.Final/netty-incubator-codec-native-quic-0.0.57.Final-linux-x86_64.jar:/Users/lawrencelockhart/.m2/repository/io/netty/incubator/netty-incubator-codec-classes-quic/0.0.57.Final/netty-incubator-codec-classes-quic-0.0.57.Final.jar:/Users/lawrencelockhart/.m2/repository/org/apache/commons/commons-configuration2/2.11.0/commons-configuration2-2.11.0.jar:/Users/lawrencelockhart/.m2/repository/org/apache/commons/commons-text/1.12.0/commons-text-1.12.0.jar:/Users/lawrencelockhart/.m2/repository/com/vaadin/ui-tests/1.1.1/ui-tests-1.1.1.jar:/Users/lawrencelockhart/.m2/repository/io/netty/netty-common/4.1.107.Final/netty-common-4.1.107.Final.jar:/Users/lawrencelockhart/.m2/repository/io/netty/netty-buffer/4.1.107.Final/netty-buffer-4.1.107.Final.jar:/Users/lawrencelockhart/.m2/repository/io/netty/netty-codec/4.1.107.Final/netty-codec-4.1.107.Final.jar:/Users/lawrencelockhart/.m2/repository/io/netty/netty-handler/4.1.107.Final/netty-handler-4.1.107.Final.jar:/Users/lawrencelockhart/.m2/repository/io/netty/netty-transport/4.1.107.Final/netty-transport-4.1.107.Final.jar:/Users/lawrencelockhart/.m2/repository/io/netty/netty-resolver/4.1.107.Final/netty-resolver-4.1.107.Final.jar:/Users/lawrencelockhart/.m2/repository/io/netty/netty-transport-native-unix-common/4.1.107.Final/netty-transport-native-unix-common-4.1.107.Final.jar:/Users/lawrencelockhart/.m2/repository/com/vaadin/vaadin-spring-boot-starter/24.5.6/vaadin-spring-boot-starter-24.5.6.jar:/Users/lawrencelockhart/.m2/repository/com/vaadin/vaadin-spring/24.5.7/vaadin-spring-24.5.7.jar:/Users/lawrencelockhart/.m2/repository/com/vaadin/flow-push/24.5.7/flow-push-24.5.7.jar:/Users/lawrencelockhart/.m2/repository/com/vaadin/external/atmosphere/atmosphere-runtime/3.0.5.slf4jvaadin1/atmosphere-runtime-3.0.5.slf4jvaadin1.jar:/Users/lawrencelockhart/.m2/repository/com/vaadin/flow-client/24.5.7/flow-client-24.5.7.jar:/Users/lawrencelockhart/.m2/repository/org/springframework/spring-webmvc/6.1.4/spring-webmvc-6.1.4.jar:/Users/lawrencelockhart/.m2/repository/org/springframework/spring-expression/6.1.4/spring-expression-6.1.4.jar:/Users/lawrencelockhart/.m2/repository/org/springframework/spring-websocket/6.1.4/spring-websocket-6.1.4.jar:/Users/lawrencelockhart/.m2/repository/org/reflections/reflections/0.10.2/reflections-0.10.2.jar:/Users/lawrencelockhart/.m2/repository/com/google/code/findbugs/jsr305/3.0.2/jsr305-3.0.2.jar:/Users/lawrencelockhart/.m2/repository/org/javassist/javassist/3.30.2-GA/javassist-3.30.2-GA.jar:/Users/lawrencelockhart/.m2/repository/com/vaadin/hilla/24.5.6/hilla-24.5.6.jar:/Users/lawrencelockhart/.m2/repository/com/vaadin/hilla-endpoint/24.5.6/hilla-endpoint-24.5.6.jar:/Users/lawrencelockhart/.m2/repository/com/vaadin/hilla-engine-core/24.5.6/hilla-engine-core-24.5.6.jar:/Users/lawrencelockhart/.m2/repository/com/vaadin/hilla-parser-jvm-core/24.5.6/hilla-parser-jvm-core-24.5.6.jar:/Users/lawrencelockhart/.m2/repository/com/fasterxml/jackson/dataformat/jackson-dataformat-yaml/2.15.4/jackson-dataformat-yaml-2.15.4.jar:/Users/lawrencelockhart/.m2/repository/com/vaadin/hilla-parser-jvm-plugin-backbone/24.5.6/hilla-parser-jvm-plugin-backbone-24.5.6.jar:/Users/lawrencelockhart/.m2/repository/com/vaadin/hilla-parser-jvm-plugin-nonnull/24.5.6/hilla-parser-jvm-plugin-nonnull-24.5.6.jar:/Users/lawrencelockhart/.m2/repository/com/vaadin/hilla-parser-jvm-plugin-subtypes/24.5.6/hilla-parser-jvm-plugin-subtypes-24.5.6.jar:/Users/lawrencelockhart/.m2/repository/com/vaadin/hilla-parser-jvm-plugin-model/24.5.6/hilla-parser-jvm-plugin-model-24.5.6.jar:/Users/lawrencelockhart/.m2/repository/com/vaadin/hilla-parser-jvm-plugin-transfertypes/24.5.6/hilla-parser-jvm-plugin-transfertypes-24.5.6.jar:/Users/lawrencelockhart/.m2/repository/io/projectreactor/reactor-core/3.6.3/reactor-core-3.6.3.jar:/Users/lawrencelockhart/.m2/repository/org/reactivestreams/reactive-streams/1.0.4/reactive-streams-1.0.4.jar:/Users/lawrencelockhart/.m2/repository/com/fasterxml/jackson/module/jackson-module-parameter-names/2.15.4/jackson-module-parameter-names-2.15.4.jar:/Users/lawrencelockhart/.m2/repository/com/fasterxml/jackson/datatype/jackson-datatype-jdk8/2.15.4/jackson-datatype-jdk8-2.15.4.jar:/Users/lawrencelockhart/.m2/repository/org/springframework/security/spring-security-core/6.2.2/spring-security-core-6.2.2.jar:/Users/lawrencelockhart/.m2/repository/org/springframework/security/spring-security-crypto/6.2.2/spring-security-crypto-6.2.2.jar:/Users/lawrencelockhart/.m2/repository/com/github/javaparser/javaparser-symbol-solver-core/3.26.2/javaparser-symbol-solver-core-3.26.2.jar:/Users/lawrencelockhart/.m2/repository/com/vaadin/hilla-parser-jvm-utils/24.5.6/hilla-parser-jvm-utils-24.5.6.jar:/Users/lawrencelockhart/.m2/repository/io/swagger/core/v3/swagger-core/2.2.22/swagger-core-2.2.22.jar:/Users/lawrencelockhart/.m2/repository/io/swagger/core/v3/swagger-annotations/2.2.22/swagger-annotations-2.2.22.jar:/Users/lawrencelockhart/.m2/repository/io/swagger/core/v3/swagger-models/2.2.22/swagger-models-2.2.22.jar:/Users/lawrencelockhart/.m2/repository/com/vaadin/hilla-runtime-plugin-transfertypes/24.5.6/hilla-runtime-plugin-transfertypes-24.5.6.jar:/Users/lawrencelockhart/.m2/repository/com/vaadin/hilla-engine-runtime/24.5.6/hilla-engine-runtime-24.5.6.jar:/Users/lawrencelockhart/.m2/repository/org/springframework/boot/spring-boot-starter-web/3.2.3/spring-boot-starter-web-3.2.3.jar:/Users/lawrencelockhart/.m2/repository/org/springframework/boot/spring-boot-starter-json/3.2.3/spring-boot-starter-json-3.2.3.jar:/Users/lawrencelockhart/.m2/repository/org/springframework/boot/spring-boot-starter-tomcat/3.2.3/spring-boot-starter-tomcat-3.2.3.jar:/Users/lawrencelockhart/.m2/repository/org/apache/tomcat/embed/tomcat-embed-core/10.1.19/tomcat-embed-core-10.1.19.jar:/Users/lawrencelockhart/.m2/repository/org/apache/tomcat/embed/tomcat-embed-websocket/10.1.19/tomcat-embed-websocket-10.1.19.jar:/Users/lawrencelockhart/.m2/repository/org/springframework/spring-web/6.1.4/spring-web-6.1.4.jar:/Users/lawrencelockhart/.m2/repository/io/micrometer/micrometer-observation/1.12.3/micrometer-observation-1.12.3.jar:/Users/lawrencelockhart/.m2/repository/io/micrometer/micrometer-commons/1.12.3/micrometer-commons-1.12.3.jar:/Users/lawrencelockhart/.m2/repository/com/vaadin/vaadin-spreadsheet-flow/24.5.6/vaadin-spreadsheet-flow-24.5.6.jar:/Users/lawrencelockhart/.m2/repository/com/vaadin/flow-server/24.5.7/flow-server-24.5.7.jar:/Users/lawrencelockhart/.m2/repository/com/vaadin/servletdetector/throw-if-servlet3/1.0.2/throw-if-servlet3-1.0.2.jar:/Users/lawrencelockhart/.m2/repository/org/slf4j/slf4j-api/2.0.12/slf4j-api-2.0.12.jar:/Users/lawrencelockhart/.m2/repository/com/vaadin/external/gwt/gwt-elemental/2.8.2.vaadin2/gwt-elemental-2.8.2.vaadin2.jar:/Users/lawrencelockhart/.m2/repository/org/apache/commons/commons-fileupload2-jakarta/2.0.0-M1/commons-fileupload2-jakarta-2.0.0-M1.jar:/Users/lawrencelockhart/.m2/repository/org/apache/commons/commons-fileupload2-core/2.0.0-M1/commons-fileupload2-core-2.0.0-M1.jar:/Users/lawrencelockhart/.m2/repository/com/fasterxml/jackson/core/jackson-core/2.15.4/jackson-core-2.15.4.jar:/Users/lawrencelockhart/.m2/repository/com/fasterxml/jackson/core/jackson-databind/2.15.4/jackson-databind-2.15.4.jar:/Users/lawrencelockhart/.m2/repository/com/fasterxml/jackson/core/jackson-annotations/2.15.4/jackson-annotations-2.15.4.jar:/Users/lawrencelockhart/.m2/repository/com/fasterxml/jackson/datatype/jackson-datatype-jsr310/2.15.4/jackson-datatype-jsr310-2.15.4.jar:/Users/lawrencelockhart/.m2/repository/org/jsoup/jsoup/1.18.1/jsoup-1.18.1.jar:/Users/lawrencelockhart/.m2/repository/com/helger/ph-css/7.0.2/ph-css-7.0.2.jar:/Users/lawrencelockhart/.m2/repository/com/helger/commons/ph-commons/11.1.5/ph-commons-11.1.5.jar:/Users/lawrencelockhart/.m2/repository/org/ow2/asm/asm/9.7/asm-9.7.jar:/Users/lawrencelockhart/.m2/repository/com/vaadin/external/gentyref/1.2.0.vaadin1/gentyref-1.2.0.vaadin1.jar:/Users/lawrencelockhart/.m2/repository/com/vaadin/vaadin-button-flow/24.5.6/vaadin-button-flow-24.5.6.jar:/Users/lawrencelockhart/.m2/repository/com/vaadin/vaadin-flow-components-base/24.5.6/vaadin-flow-components-base-24.5.6.jar:/Users/lawrencelockhart/.m2/repository/com/vaadin/vaadin-checkbox-flow/24.5.6/vaadin-checkbox-flow-24.5.6.jar:/Users/lawrencelockhart/.m2/repository/com/vaadin/vaadin-renderer-flow/24.5.6/vaadin-renderer-flow-24.5.6.jar:/Users/lawrencelockhart/.m2/repository/com/vaadin/vaadin-ordered-layout-flow/24.5.6/vaadin-ordered-layout-flow-24.5.6.jar:/Users/lawrencelockhart/.m2/repository/com/vaadin/vaadin-charts-flow/24.5.6/vaadin-charts-flow-24.5.6.jar:/Users/lawrencelockhart/.m2/repository/com/vaadin/flow-html-components/24.5.7/flow-html-components-24.5.7.jar:/Users/lawrencelockhart/.m2/repository/com/vaadin/flow-data/24.5.7/flow-data-24.5.7.jar:/Users/lawrencelockhart/.m2/repository/com/vaadin/vaadin-icons-flow/24.5.6/vaadin-icons-flow-24.5.6.jar:/Users/lawrencelockhart/.m2/repository/com/vaadin/license-checker/1.13.2/license-checker-1.13.2.jar:/Users/lawrencelockhart/.m2/repository/com/github/oshi/oshi-core/6.6.5/oshi-core-6.6.5.jar:/Users/lawrencelockhart/.m2/repository/net/java/dev/jna/jna/5.15.0/jna-5.15.0.jar:/Users/lawrencelockhart/.m2/repository/net/java/dev/jna/jna-platform/5.15.0/jna-platform-5.15.0.jar:/Users/lawrencelockhart/.m2/repository/com/nimbusds/nimbus-jose-jwt/9.37.3/nimbus-jose-jwt-9.37.3.jar:/Users/lawrencelockhart/.m2/repository/org/lucee/jcip-annotations/1.0.0/jcip-annotations-1.0.0.jar:/Users/lawrencelockhart/.m2/repository/com/vaadin/open/8.5.0.4/open-8.5.0.4.jar:/Users/lawrencelockhart/.m2/repository/org/apache/poi/poi-scratchpad/5.2.5/poi-scratchpad-5.2.5.jar:/Users/lawrencelockhart/.m2/repository/org/apache/poi/poi-ooxml-full/5.2.5/poi-ooxml-full-5.2.5.jar:/Users/lawrencelockhart/.m2/repository/com/github/javaparser/javaparser-core/3.25.3/javaparser-core-3.25.3.jar:/Users/lawrencelockhart/.m2/repository/org/apache/poi/poi/5.2.2/poi-5.2.2.jar:/Users/lawrencelockhart/.m2/repository/commons-codec/commons-codec/1.16.1/commons-codec-1.16.1.jar:/Users/lawrencelockhart/.m2/repository/org/apache/commons/commons-collections4/4.4/commons-collections4-4.4.jar:/Users/lawrencelockhart/.m2/repository/org/apache/commons/commons-math3/3.6.1/commons-math3-3.6.1.jar:/Users/lawrencelockhart/.m2/repository/commons-io/commons-io/2.11.0/commons-io-2.11.0.jar:/Users/lawrencelockhart/.m2/repository/com/zaxxer/SparseBitSet/1.2/SparseBitSet-1.2.jar:/Users/lawrencelockhart/.m2/repository/org/apache/logging/log4j/log4j-api/2.21.1/log4j-api-2.21.1.jar:/Users/lawrencelockhart/.m2/repository/org/apache/poi/poi-ooxml/5.2.2/poi-ooxml-5.2.2.jar:/Users/lawrencelockhart/.m2/repository/org/apache/poi/poi-ooxml-lite/5.2.2/poi-ooxml-lite-5.2.2.jar:/Users/lawrencelockhart/.m2/repository/org/apache/xmlbeans/xmlbeans/5.0.3/xmlbeans-5.0.3.jar:/Users/lawrencelockhart/.m2/repository/org/apache/commons/commons-compress/1.21/commons-compress-1.21.jar:/Users/lawrencelockhart/.m2/repository/com/github/virtuald/curvesapi/1.07/curvesapi-1.07.jar:/Users/lawrencelockhart/.m2/repository/org/parttio/line-awesome/2.0.0/line-awesome-2.0.0.jar:/Users/lawrencelockhart/.m2/repository/org/vaadin/viritin/2.8/viritin-2.8.jar:/Users/lawrencelockhart/.m2/repository/org/vaadin/addon/confirmdialog/3.1.1/confirmdialog-3.1.1.jar:/Users/lawrencelockhart/.m2/repository/com/vaadin/vaadin-server/8.0.0/vaadin-server-8.0.0.jar:/Users/lawrencelockhart/.m2/repository/com/vaadin/vaadin-shared/8.0.0/vaadin-shared-8.0.0.jar:/Users/lawrencelockhart/.m2/repository/com/googlecode/gentyref/gentyref/1.2.0/gentyref-1.2.0.jar:/Users/lawrencelockhart/.m2/repository/org/commonjava/googlecode/markdown4j/markdown4j/2.2-cj-1.1/markdown4j-2.2-cj-1.1.jar:/Users/lawrencelockhart/.m2/repository/commons-beanutils/commons-beanutils/1.9.2/commons-beanutils-1.9.2.jar:/Users/lawrencelockhart/.m2/repository/commons-logging/commons-logging/1.1.1/commons-logging-1.1.1.jar:/Users/lawrencelockhart/.m2/repository/commons-collections/commons-collections/3.2.1/commons-collections-3.2.1.jar:/Users/lawrencelockhart/.m2/repository/org/apache/commons/commons-lang3/3.13.0/commons-lang3-3.13.0.jar:/Users/lawrencelockhart/.m2/repository/javax/el/javax.el-api/2.2.4/javax.el-api-2.2.4.jar:/Users/lawrencelockhart/.m2/repository/com/h2database/h2/2.2.224/h2-2.2.224.jar:/Users/lawrencelockhart/.m2/repository/org/springframework/boot/spring-boot-starter-data-jpa/3.2.3/spring-boot-starter-data-jpa-3.2.3.jar:/Users/lawrencelockhart/.m2/repository/org/springframework/boot/spring-boot-starter-aop/3.2.3/spring-boot-starter-aop-3.2.3.jar:/Users/lawrencelockhart/.m2/repository/org/springframework/spring-aop/6.1.4/spring-aop-6.1.4.jar:/Users/lawrencelockhart/.m2/repository/org/aspectj/aspectjweaver/1.9.21/aspectjweaver-1.9.21.jar:/Users/lawrencelockhart/.m2/repository/org/springframework/boot/spring-boot-starter-jdbc/3.2.3/spring-boot-starter-jdbc-3.2.3.jar:/Users/lawrencelockhart/.m2/repository/com/zaxxer/HikariCP/5.0.1/HikariCP-5.0.1.jar:/Users/lawrencelockhart/.m2/repository/org/springframework/spring-jdbc/6.1.4/spring-jdbc-6.1.4.jar:/Users/lawrencelockhart/.m2/repository/org/hibernate/orm/hibernate-core/6.4.4.Final/hibernate-core-6.4.4.Final.jar:/Users/lawrencelockhart/.m2/repository/jakarta/persistence/jakarta.persistence-api/3.1.0/jakarta.persistence-api-3.1.0.jar:/Users/lawrencelockhart/.m2/repository/jakarta/transaction/jakarta.transaction-api/2.0.1/jakarta.transaction-api-2.0.1.jar:/Users/lawrencelockhart/.m2/repository/org/jboss/logging/jboss-logging/3.5.3.Final/jboss-logging-3.5.3.Final.jar:/Users/lawrencelockhart/.m2/repository/org/hibernate/common/hibernate-commons-annotations/6.0.6.Final/hibernate-commons-annotations-6.0.6.Final.jar:/Users/lawrencelockhart/.m2/repository/io/smallrye/jandex/3.1.2/jandex-3.1.2.jar:/Users/lawrencelockhart/.m2/repository/com/fasterxml/classmate/1.6.0/classmate-1.6.0.jar:/Users/lawrencelockhart/.m2/repository/net/bytebuddy/byte-buddy/1.14.12/byte-buddy-1.14.12.jar:/Users/lawrencelockhart/.m2/repository/org/glassfish/jaxb/jaxb-runtime/4.0.4/jaxb-runtime-4.0.4.jar:/Users/lawrencelockhart/.m2/repository/org/glassfish/jaxb/jaxb-core/4.0.4/jaxb-core-4.0.4.jar:/Users/lawrencelockhart/.m2/repository/org/eclipse/angus/angus-activation/2.0.1/angus-activation-2.0.1.jar:/Users/lawrencelockhart/.m2/repository/org/glassfish/jaxb/txw2/4.0.4/txw2-4.0.4.jar:/Users/lawrencelockhart/.m2/repository/com/sun/istack/istack-commons-runtime/4.1.2/istack-commons-runtime-4.1.2.jar:/Users/lawrencelockhart/.m2/repository/jakarta/inject/jakarta.inject-api/2.0.1/jakarta.inject-api-2.0.1.jar:/Users/lawrencelockhart/.m2/repository/org/antlr/antlr4-runtime/4.13.0/antlr4-runtime-4.13.0.jar:/Users/lawrencelockhart/.m2/repository/org/springframework/data/spring-data-jpa/3.2.3/spring-data-jpa-3.2.3.jar:/Users/lawrencelockhart/.m2/repository/org/springframework/data/spring-data-commons/3.2.3/spring-data-commons-3.2.3.jar:/Users/lawrencelockhart/.m2/repository/org/springframework/spring-orm/6.1.4/spring-orm-6.1.4.jar:/Users/lawrencelockhart/.m2/repository/org/springframework/spring-context/6.1.4/spring-context-6.1.4.jar:/Users/lawrencelockhart/.m2/repository/org/springframework/spring-tx/6.1.4/spring-tx-6.1.4.jar:/Users/lawrencelockhart/.m2/repository/org/springframework/spring-beans/6.1.4/spring-beans-6.1.4.jar:/Users/lawrencelockhart/.m2/repository/jakarta/annotation/jakarta.annotation-api/2.1.1/jakarta.annotation-api-2.1.1.jar:/Users/lawrencelockhart/.m2/repository/org/springframework/spring-aspects/6.1.4/spring-aspects-6.1.4.jar:/Users/lawrencelockhart/.m2/repository/org/springframework/boot/spring-boot-starter-validation/3.2.3/spring-boot-starter-validation-3.2.3.jar:/Users/lawrencelockhart/.m2/repository/org/springframework/boot/spring-boot-starter/3.2.3/spring-boot-starter-3.2.3.jar:/Users/lawrencelockhart/.m2/repository/org/springframework/boot/spring-boot-starter-logging/3.2.3/spring-boot-starter-logging-3.2.3.jar:/Users/lawrencelockhart/.m2/repository/ch/qos/logback/logback-classic/1.4.14/logback-classic-1.4.14.jar:/Users/lawrencelockhart/.m2/repository/ch/qos/logback/logback-core/1.4.14/logback-core-1.4.14.jar:/Users/lawrencelockhart/.m2/repository/org/apache/logging/log4j/log4j-to-slf4j/2.21.1/log4j-to-slf4j-2.21.1.jar:/Users/lawrencelockhart/.m2/repository/org/slf4j/jul-to-slf4j/2.0.12/jul-to-slf4j-2.0.12.jar:/Users/lawrencelockhart/.m2/repository/org/yaml/snakeyaml/2.2/snakeyaml-2.2.jar:/Users/lawrencelockhart/.m2/repository/org/apache/tomcat/embed/tomcat-embed-el/10.1.19/tomcat-embed-el-10.1.19.jar:/Users/lawrencelockhart/.m2/repository/org/hibernate/validator/hibernate-validator/8.0.1.Final/hibernate-validator-8.0.1.Final.jar:/Users/lawrencelockhart/.m2/repository/jakarta/validation/jakarta.validation-api/3.0.2/jakarta.validation-api-3.0.2.jar:/Users/lawrencelockhart/.m2/repository/org/springframework/boot/spring-boot-devtools/3.2.3/spring-boot-devtools-3.2.3.jar:/Users/lawrencelockhart/.m2/repository/org/springframework/boot/spring-boot/3.2.3/spring-boot-3.2.3.jar:/Users/lawrencelockhart/.m2/repository/org/springframework/boot/spring-boot-autoconfigure/3.2.3/spring-boot-autoconfigure-3.2.3.jar:/Users/lawrencelockhart/.m2/repository/jakarta/xml/bind/jakarta.xml.bind-api/4.0.1/jakarta.xml.bind-api-4.0.1.jar:/Users/lawrencelockhart/.m2/repository/jakarta/activation/jakarta.activation-api/2.1.2/jakarta.activation-api-2.1.2.jar:/Users/lawrencelockhart/.m2/repository/com/vaadin/external/google/android-json/0.0.20131108.vaadin1/android-json-0.0.20131108.vaadin1.jar:/Users/lawrencelockhart/.m2/repository/org/springframework/spring-core/6.1.4/spring-core-6.1.4.jar:/Users/lawrencelockhart/.m2/repository/org/springframework/spring-jcl/6.1.4/spring-jcl-6.1.4.jar:/Users/lawrencelockhart/.m2/repository/com/google/guava/guava/33.3.1-jre/guava-33.3.1-jre.jar:/Users/lawrencelockhart/.m2/repository/com/google/guava/failureaccess/1.0.2/failureaccess-1.0.2.jar:/Users/lawrencelockhart/.m2/repository/com/google/guava/listenablefuture/9999.0-empty-to-avoid-conflict-with-guava/listenablefuture-9999.0-empty-to-avoid-conflict-with-guava.jar:/Users/lawrencelockhart/.m2/repository/org/checkerframework/checker-qual/3.43.0/checker-qual-3.43.0.jar:/Users/lawrencelockhart/.m2/repository/com/google/errorprone/error_prone_annotations/2.28.0/error_prone_annotations-2.28.0.jar:/Users/lawrencelockhart/.m2/repository/com/google/j2objc/j2objc-annotations/3.0.0/j2objc-annotations-3.0.0.jar:/Users/lawrencelockhart/.m2/repository/io/github/classgraph/classgraph/4.8.146/classgraph-4.8.146.jar:/Applications/IntelliJ IDEA.app/Contents/lib/idea_rt.jar com.example.application.Application
